// !$*UTF8*$!
{
	archiveVersion = 1;
	classes = {
	};
	objectVersion = 56;
	objects = {

/* Begin PBXBuildFile section */
		D13398712C674DEC004A0FAE /* FirebaseAuthController.swift in Sources */ = {isa = PBXBuildFile; fileRef = D13398702C674DEC004A0FAE /* FirebaseAuthController.swift */; };
		D13398732C674E03004A0FAE /* AuthControllable.swift in Sources */ = {isa = PBXBuildFile; fileRef = D13398722C674E03004A0FAE /* AuthControllable.swift */; };
		D13398752C675471004A0FAE /* AuthControllerKey.swift in Sources */ = {isa = PBXBuildFile; fileRef = D13398742C675471004A0FAE /* AuthControllerKey.swift */; };
		D13398772C6756CD004A0FAE /* HomeView.swift in Sources */ = {isa = PBXBuildFile; fileRef = D13398762C6756CD004A0FAE /* HomeView.swift */; };
		D13398792C67662C004A0FAE /* FirebaseFirestore in Frameworks */ = {isa = PBXBuildFile; productRef = D13398782C67662C004A0FAE /* FirebaseFirestore */; };
		D133987B2C67662C004A0FAE /* FirebaseFirestoreCombine-Community in Frameworks */ = {isa = PBXBuildFile; productRef = D133987A2C67662C004A0FAE /* FirebaseFirestoreCombine-Community */; };
		D133987D2C67662C004A0FAE /* FirebaseFirestoreSwift in Frameworks */ = {isa = PBXBuildFile; productRef = D133987C2C67662C004A0FAE /* FirebaseFirestoreSwift */; };
		D13398802C676DCD004A0FAE /* FirestoreRepository.swift in Sources */ = {isa = PBXBuildFile; fileRef = D133987F2C676DCD004A0FAE /* FirestoreRepository.swift */; };
		D13398822C676EF9004A0FAE /* UserRepository.swift in Sources */ = {isa = PBXBuildFile; fileRef = D13398812C676EF9004A0FAE /* UserRepository.swift */; };
		D13398842C689F91004A0FAE /* RepositoryError.swift in Sources */ = {isa = PBXBuildFile; fileRef = D13398832C689F91004A0FAE /* RepositoryError.swift */; };
		D13398872C689FE1004A0FAE /* User.swift in Sources */ = {isa = PBXBuildFile; fileRef = D13398862C689FE1004A0FAE /* User.swift */; };
		D133988C2C7097BB004A0FAE /* KakaoSDKAuth in Frameworks */ = {isa = PBXBuildFile; productRef = D133988B2C7097BB004A0FAE /* KakaoSDKAuth */; };
		D133988E2C7097BB004A0FAE /* KakaoSDKCommon in Frameworks */ = {isa = PBXBuildFile; productRef = D133988D2C7097BB004A0FAE /* KakaoSDKCommon */; };
		D13398902C7097BB004A0FAE /* KakaoSDKUser in Frameworks */ = {isa = PBXBuildFile; productRef = D133988F2C7097BB004A0FAE /* KakaoSDKUser */; };
		D133989A2C71E602004A0FAE /* AppKeys.swift in Sources */ = {isa = PBXBuildFile; fileRef = D13398992C71E602004A0FAE /* AppKeys.swift */; };
		D133989D2C71E752004A0FAE /* KakaoLoginHelper.swift in Sources */ = {isa = PBXBuildFile; fileRef = D133989C2C71E752004A0FAE /* KakaoLoginHelper.swift */; };
		D13398A12C79AE2B004A0FAE /* AppleLoginHelpable.swift in Sources */ = {isa = PBXBuildFile; fileRef = D13398A02C79AE2B004A0FAE /* AppleLoginHelpable.swift */; };
		D13398A72C79CA44004A0FAE /* EmailLoginHelpable.swift in Sources */ = {isa = PBXBuildFile; fileRef = D13398A62C79CA44004A0FAE /* EmailLoginHelpable.swift */; };
		D13398A92C79CA56004A0FAE /* EmailLoginResult.swift in Sources */ = {isa = PBXBuildFile; fileRef = D13398A82C79CA56004A0FAE /* EmailLoginResult.swift */; };
		D172BE7D2C4271C800CFA8B1 /* CryptoUtil.swift in Sources */ = {isa = PBXBuildFile; fileRef = D172BE7B2C42706600CFA8B1 /* CryptoUtil.swift */; };
		D172BE7F2C43B80B00CFA8B1 /* Do+Defer.swift in Sources */ = {isa = PBXBuildFile; fileRef = D172BE7E2C43B80B00CFA8B1 /* Do+Defer.swift */; };
		D172BE812C43BC3100CFA8B1 /* ThirdPartyLoginError.swift in Sources */ = {isa = PBXBuildFile; fileRef = D172BE802C43BC3100CFA8B1 /* ThirdPartyLoginError.swift */; };
		D17BBF6F2BF6333A00B5AE55 /* CryingDiaryApp.swift in Sources */ = {isa = PBXBuildFile; fileRef = D17BBF6E2BF6333A00B5AE55 /* CryingDiaryApp.swift */; };
		D17BBF712BF6333A00B5AE55 /* ContentView.swift in Sources */ = {isa = PBXBuildFile; fileRef = D17BBF702BF6333A00B5AE55 /* ContentView.swift */; };
		D17BBF732BF6333A00B5AE55 /* Item.swift in Sources */ = {isa = PBXBuildFile; fileRef = D17BBF722BF6333A00B5AE55 /* Item.swift */; };
		D17BBF752BF6333B00B5AE55 /* Assets.xcassets in Resources */ = {isa = PBXBuildFile; fileRef = D17BBF742BF6333B00B5AE55 /* Assets.xcassets */; };
		D17BBF782BF6333B00B5AE55 /* Preview Assets.xcassets in Resources */ = {isa = PBXBuildFile; fileRef = D17BBF772BF6333B00B5AE55 /* Preview Assets.xcassets */; };
		D17BBF822BF6333B00B5AE55 /* CryingDiaryTests.swift in Sources */ = {isa = PBXBuildFile; fileRef = D17BBF812BF6333B00B5AE55 /* CryingDiaryTests.swift */; };
		D17BBF8C2BF6333B00B5AE55 /* CryingDiaryUITests.swift in Sources */ = {isa = PBXBuildFile; fileRef = D17BBF8B2BF6333B00B5AE55 /* CryingDiaryUITests.swift */; };
		D17BBF8E2BF6333B00B5AE55 /* CryingDiaryUITestsLaunchTests.swift in Sources */ = {isa = PBXBuildFile; fileRef = D17BBF8D2BF6333B00B5AE55 /* CryingDiaryUITestsLaunchTests.swift */; };
		D17BBF9B2BF634F100B5AE55 /* GoogleService-Info.plist in Resources */ = {isa = PBXBuildFile; fileRef = D17BBF9A2BF634F100B5AE55 /* GoogleService-Info.plist */; };
		D17BBF9E2BF636A000B5AE55 /* FirebaseAnalyticsWithoutAdIdSupport in Frameworks */ = {isa = PBXBuildFile; productRef = D17BBF9D2BF636A000B5AE55 /* FirebaseAnalyticsWithoutAdIdSupport */; };
		D17BBFA02BF6398600B5AE55 /* FirebaseAuth in Frameworks */ = {isa = PBXBuildFile; productRef = D17BBF9F2BF6398600B5AE55 /* FirebaseAuth */; };
		D17BBFA22BF63BDE00B5AE55 /* AppDelegate.swift in Sources */ = {isa = PBXBuildFile; fileRef = D17BBFA12BF63BDE00B5AE55 /* AppDelegate.swift */; };
		D1803DCE2C67456100B16223 /* UserStore.swift in Sources */ = {isa = PBXBuildFile; fileRef = D1803DCD2C67456100B16223 /* UserStore.swift */; };
		D1987D722C393D620061D45F /* AppleLoginHelper.swift in Sources */ = {isa = PBXBuildFile; fileRef = D1987D712C393D620061D45F /* AppleLoginHelper.swift */; };
		D1E350022C54EC2B00016666 /* AppleLoginInfo.swift in Sources */ = {isa = PBXBuildFile; fileRef = D1E350012C54EC2B00016666 /* AppleLoginInfo.swift */; };
		D1E3500D2C64E58D00016666 /* ThirdPartyLoginType.swift in Sources */ = {isa = PBXBuildFile; fileRef = D1E3500C2C64E58D00016666 /* ThirdPartyLoginType.swift */; };
		D1E350102C65EE6C00016666 /* LoginView.swift in Sources */ = {isa = PBXBuildFile; fileRef = D1E3500F2C65EE6C00016666 /* LoginView.swift */; };
		D1E350172C65F69900016666 /* EnvironmentValues+Extension.swift in Sources */ = {isa = PBXBuildFile; fileRef = D1E350162C65F69900016666 /* EnvironmentValues+Extension.swift */; };
/* End PBXBuildFile section */

/* Begin PBXContainerItemProxy section */
		D17BBF7E2BF6333B00B5AE55 /* PBXContainerItemProxy */ = {
			isa = PBXContainerItemProxy;
			containerPortal = D17BBF632BF6333A00B5AE55 /* Project object */;
			proxyType = 1;
			remoteGlobalIDString = D17BBF6A2BF6333A00B5AE55;
			remoteInfo = CryingDiary;
		};
		D17BBF882BF6333B00B5AE55 /* PBXContainerItemProxy */ = {
			isa = PBXContainerItemProxy;
			containerPortal = D17BBF632BF6333A00B5AE55 /* Project object */;
			proxyType = 1;
			remoteGlobalIDString = D17BBF6A2BF6333A00B5AE55;
			remoteInfo = CryingDiary;
		};
/* End PBXContainerItemProxy section */

/* Begin PBXFileReference section */
		D13398702C674DEC004A0FAE /* FirebaseAuthController.swift */ = {isa = PBXFileReference; lastKnownFileType = sourcecode.swift; path = FirebaseAuthController.swift; sourceTree = "<group>"; };
		D13398722C674E03004A0FAE /* AuthControllable.swift */ = {isa = PBXFileReference; lastKnownFileType = sourcecode.swift; path = AuthControllable.swift; sourceTree = "<group>"; };
		D13398742C675471004A0FAE /* AuthControllerKey.swift */ = {isa = PBXFileReference; lastKnownFileType = sourcecode.swift; path = AuthControllerKey.swift; sourceTree = "<group>"; };
		D13398762C6756CD004A0FAE /* HomeView.swift */ = {isa = PBXFileReference; lastKnownFileType = sourcecode.swift; path = HomeView.swift; sourceTree = "<group>"; };
		D133987F2C676DCD004A0FAE /* FirestoreRepository.swift */ = {isa = PBXFileReference; lastKnownFileType = sourcecode.swift; path = FirestoreRepository.swift; sourceTree = "<group>"; };
		D13398812C676EF9004A0FAE /* UserRepository.swift */ = {isa = PBXFileReference; lastKnownFileType = sourcecode.swift; path = UserRepository.swift; sourceTree = "<group>"; };
		D13398832C689F91004A0FAE /* RepositoryError.swift */ = {isa = PBXFileReference; lastKnownFileType = sourcecode.swift; path = RepositoryError.swift; sourceTree = "<group>"; };
		D13398862C689FE1004A0FAE /* User.swift */ = {isa = PBXFileReference; lastKnownFileType = sourcecode.swift; path = User.swift; sourceTree = "<group>"; };
		D13398912C70988C004A0FAE /* Info.plist */ = {isa = PBXFileReference; lastKnownFileType = text.plist; path = Info.plist; sourceTree = "<group>"; };
		D13398992C71E602004A0FAE /* AppKeys.swift */ = {isa = PBXFileReference; lastKnownFileType = sourcecode.swift; path = AppKeys.swift; sourceTree = "<group>"; };
		D133989C2C71E752004A0FAE /* KakaoLoginHelper.swift */ = {isa = PBXFileReference; lastKnownFileType = sourcecode.swift; path = KakaoLoginHelper.swift; sourceTree = "<group>"; };
		D133989F2C71EC7F004A0FAE /* Secret.xcconfig */ = {isa = PBXFileReference; lastKnownFileType = text.xcconfig; path = Secret.xcconfig; sourceTree = "<group>"; };
		D13398A02C79AE2B004A0FAE /* AppleLoginHelpable.swift */ = {isa = PBXFileReference; lastKnownFileType = sourcecode.swift; path = AppleLoginHelpable.swift; sourceTree = "<group>"; };
		D13398A62C79CA44004A0FAE /* EmailLoginHelpable.swift */ = {isa = PBXFileReference; lastKnownFileType = sourcecode.swift; path = EmailLoginHelpable.swift; sourceTree = "<group>"; };
		D13398A82C79CA56004A0FAE /* EmailLoginResult.swift */ = {isa = PBXFileReference; lastKnownFileType = sourcecode.swift; path = EmailLoginResult.swift; sourceTree = "<group>"; };
		D172BE7B2C42706600CFA8B1 /* CryptoUtil.swift */ = {isa = PBXFileReference; lastKnownFileType = sourcecode.swift; path = CryptoUtil.swift; sourceTree = "<group>"; };
		D172BE7E2C43B80B00CFA8B1 /* Do+Defer.swift */ = {isa = PBXFileReference; lastKnownFileType = sourcecode.swift; path = "Do+Defer.swift"; sourceTree = "<group>"; };
		D172BE802C43BC3100CFA8B1 /* ThirdPartyLoginError.swift */ = {isa = PBXFileReference; lastKnownFileType = sourcecode.swift; path = ThirdPartyLoginError.swift; sourceTree = "<group>"; };
		D17BBF6B2BF6333A00B5AE55 /* CryingDiary.app */ = {isa = PBXFileReference; explicitFileType = wrapper.application; includeInIndex = 0; path = CryingDiary.app; sourceTree = BUILT_PRODUCTS_DIR; };
		D17BBF6E2BF6333A00B5AE55 /* CryingDiaryApp.swift */ = {isa = PBXFileReference; lastKnownFileType = sourcecode.swift; path = CryingDiaryApp.swift; sourceTree = "<group>"; };
		D17BBF702BF6333A00B5AE55 /* ContentView.swift */ = {isa = PBXFileReference; lastKnownFileType = sourcecode.swift; path = ContentView.swift; sourceTree = "<group>"; };
		D17BBF722BF6333A00B5AE55 /* Item.swift */ = {isa = PBXFileReference; lastKnownFileType = sourcecode.swift; path = Item.swift; sourceTree = "<group>"; };
		D17BBF742BF6333B00B5AE55 /* Assets.xcassets */ = {isa = PBXFileReference; lastKnownFileType = folder.assetcatalog; path = Assets.xcassets; sourceTree = "<group>"; };
		D17BBF772BF6333B00B5AE55 /* Preview Assets.xcassets */ = {isa = PBXFileReference; lastKnownFileType = folder.assetcatalog; path = "Preview Assets.xcassets"; sourceTree = "<group>"; };
		D17BBF7D2BF6333B00B5AE55 /* CryingDiaryTests.xctest */ = {isa = PBXFileReference; explicitFileType = wrapper.cfbundle; includeInIndex = 0; path = CryingDiaryTests.xctest; sourceTree = BUILT_PRODUCTS_DIR; };
		D17BBF812BF6333B00B5AE55 /* CryingDiaryTests.swift */ = {isa = PBXFileReference; lastKnownFileType = sourcecode.swift; path = CryingDiaryTests.swift; sourceTree = "<group>"; };
		D17BBF872BF6333B00B5AE55 /* CryingDiaryUITests.xctest */ = {isa = PBXFileReference; explicitFileType = wrapper.cfbundle; includeInIndex = 0; path = CryingDiaryUITests.xctest; sourceTree = BUILT_PRODUCTS_DIR; };
		D17BBF8B2BF6333B00B5AE55 /* CryingDiaryUITests.swift */ = {isa = PBXFileReference; lastKnownFileType = sourcecode.swift; path = CryingDiaryUITests.swift; sourceTree = "<group>"; };
		D17BBF8D2BF6333B00B5AE55 /* CryingDiaryUITestsLaunchTests.swift */ = {isa = PBXFileReference; lastKnownFileType = sourcecode.swift; path = CryingDiaryUITestsLaunchTests.swift; sourceTree = "<group>"; };
		D17BBF9A2BF634F100B5AE55 /* GoogleService-Info.plist */ = {isa = PBXFileReference; fileEncoding = 4; lastKnownFileType = text.plist.xml; path = "GoogleService-Info.plist"; sourceTree = "<group>"; };
		D17BBFA12BF63BDE00B5AE55 /* AppDelegate.swift */ = {isa = PBXFileReference; lastKnownFileType = sourcecode.swift; path = AppDelegate.swift; sourceTree = "<group>"; };
		D1803DCD2C67456100B16223 /* UserStore.swift */ = {isa = PBXFileReference; lastKnownFileType = sourcecode.swift; path = UserStore.swift; sourceTree = "<group>"; };
		D1987D712C393D620061D45F /* AppleLoginHelper.swift */ = {isa = PBXFileReference; lastKnownFileType = sourcecode.swift; path = AppleLoginHelper.swift; sourceTree = "<group>"; };
		D1A300EA2C27E85E00CCAF92 /* CryingDiary.entitlements */ = {isa = PBXFileReference; lastKnownFileType = text.plist.entitlements; path = CryingDiary.entitlements; sourceTree = "<group>"; };
		D1E350012C54EC2B00016666 /* AppleLoginInfo.swift */ = {isa = PBXFileReference; lastKnownFileType = sourcecode.swift; path = AppleLoginInfo.swift; sourceTree = "<group>"; };
		D1E3500C2C64E58D00016666 /* ThirdPartyLoginType.swift */ = {isa = PBXFileReference; lastKnownFileType = sourcecode.swift; path = ThirdPartyLoginType.swift; sourceTree = "<group>"; };
		D1E3500F2C65EE6C00016666 /* LoginView.swift */ = {isa = PBXFileReference; lastKnownFileType = sourcecode.swift; path = LoginView.swift; sourceTree = "<group>"; };
		D1E350162C65F69900016666 /* EnvironmentValues+Extension.swift */ = {isa = PBXFileReference; lastKnownFileType = sourcecode.swift; path = "EnvironmentValues+Extension.swift"; sourceTree = "<group>"; };
/* End PBXFileReference section */

/* Begin PBXFrameworksBuildPhase section */
		D17BBF682BF6333A00B5AE55 /* Frameworks */ = {
			isa = PBXFrameworksBuildPhase;
			buildActionMask = 2147483647;
			files = (
				D133987D2C67662C004A0FAE /* FirebaseFirestoreSwift in Frameworks */,
				D133988E2C7097BB004A0FAE /* KakaoSDKCommon in Frameworks */,
				D17BBF9E2BF636A000B5AE55 /* FirebaseAnalyticsWithoutAdIdSupport in Frameworks */,
				D133987B2C67662C004A0FAE /* FirebaseFirestoreCombine-Community in Frameworks */,
				D13398902C7097BB004A0FAE /* KakaoSDKUser in Frameworks */,
				D17BBFA02BF6398600B5AE55 /* FirebaseAuth in Frameworks */,
				D13398792C67662C004A0FAE /* FirebaseFirestore in Frameworks */,
				D133988C2C7097BB004A0FAE /* KakaoSDKAuth in Frameworks */,
			);
			runOnlyForDeploymentPostprocessing = 0;
		};
		D17BBF7A2BF6333B00B5AE55 /* Frameworks */ = {
			isa = PBXFrameworksBuildPhase;
			buildActionMask = 2147483647;
			files = (
			);
			runOnlyForDeploymentPostprocessing = 0;
		};
		D17BBF842BF6333B00B5AE55 /* Frameworks */ = {
			isa = PBXFrameworksBuildPhase;
			buildActionMask = 2147483647;
			files = (
			);
			runOnlyForDeploymentPostprocessing = 0;
		};
/* End PBXFrameworksBuildPhase section */

/* Begin PBXGroup section */
		D133987E2C676D97004A0FAE /* Repository */ = {
			isa = PBXGroup;
			children = (
				D133987F2C676DCD004A0FAE /* FirestoreRepository.swift */,
				D13398812C676EF9004A0FAE /* UserRepository.swift */,
				D13398832C689F91004A0FAE /* RepositoryError.swift */,
			);
			path = Repository;
			sourceTree = "<group>";
		};
		D13398852C689FD1004A0FAE /* Model */ = {
			isa = PBXGroup;
			children = (
				D13398862C689FE1004A0FAE /* User.swift */,
			);
			path = Model;
			sourceTree = "<group>";
		};
		D133989B2C71E740004A0FAE /* Kakao */ = {
			isa = PBXGroup;
			children = (
				D133989C2C71E752004A0FAE /* KakaoLoginHelper.swift */,
				D13398A62C79CA44004A0FAE /* EmailLoginHelpable.swift */,
				D13398A82C79CA56004A0FAE /* EmailLoginResult.swift */,
			);
			path = Kakao;
			sourceTree = "<group>";
		};
		D172BE7C2C42719E00CFA8B1 /* Utils */ = {
			isa = PBXGroup;
			children = (
				D172BE7B2C42706600CFA8B1 /* CryptoUtil.swift */,
				D172BE7E2C43B80B00CFA8B1 /* Do+Defer.swift */,
			);
			path = Utils;
			sourceTree = "<group>";
		};
		D17BBF622BF6333A00B5AE55 = {
			isa = PBXGroup;
			children = (
				D133989F2C71EC7F004A0FAE /* Secret.xcconfig */,
				D17BBF6D2BF6333A00B5AE55 /* CryingDiary */,
				D17BBF802BF6333B00B5AE55 /* CryingDiaryTests */,
				D17BBF8A2BF6333B00B5AE55 /* CryingDiaryUITests */,
				D17BBF6C2BF6333A00B5AE55 /* Products */,
			);
			sourceTree = "<group>";
		};
		D17BBF6C2BF6333A00B5AE55 /* Products */ = {
			isa = PBXGroup;
			children = (
				D17BBF6B2BF6333A00B5AE55 /* CryingDiary.app */,
				D17BBF7D2BF6333B00B5AE55 /* CryingDiaryTests.xctest */,
				D17BBF872BF6333B00B5AE55 /* CryingDiaryUITests.xctest */,
			);
			name = Products;
			sourceTree = "<group>";
		};
		D17BBF6D2BF6333A00B5AE55 /* CryingDiary */ = {
			isa = PBXGroup;
			children = (
				D13398912C70988C004A0FAE /* Info.plist */,
				D13398852C689FD1004A0FAE /* Model */,
				D133987E2C676D97004A0FAE /* Repository */,
				D1E350112C65F60F00016666 /* Environment */,
				D1E3500E2C65EE5B00016666 /* Views */,
				D172BE7C2C42719E00CFA8B1 /* Utils */,
				D1A300EB2C27F47000CCAF92 /* Authentication */,
				D1A300EA2C27E85E00CCAF92 /* CryingDiary.entitlements */,
				D17BBF9A2BF634F100B5AE55 /* GoogleService-Info.plist */,
				D17BBF6E2BF6333A00B5AE55 /* CryingDiaryApp.swift */,
				D17BBFA12BF63BDE00B5AE55 /* AppDelegate.swift */,
				D17BBF702BF6333A00B5AE55 /* ContentView.swift */,
				D17BBF722BF6333A00B5AE55 /* Item.swift */,
				D17BBF742BF6333B00B5AE55 /* Assets.xcassets */,
				D17BBF762BF6333B00B5AE55 /* Preview Content */,
			);
			path = CryingDiary;
			sourceTree = "<group>";
		};
		D17BBF762BF6333B00B5AE55 /* Preview Content */ = {
			isa = PBXGroup;
			children = (
				D17BBF772BF6333B00B5AE55 /* Preview Assets.xcassets */,
			);
			path = "Preview Content";
			sourceTree = "<group>";
		};
		D17BBF802BF6333B00B5AE55 /* CryingDiaryTests */ = {
			isa = PBXGroup;
			children = (
				D17BBF812BF6333B00B5AE55 /* CryingDiaryTests.swift */,
			);
			path = CryingDiaryTests;
			sourceTree = "<group>";
		};
		D17BBF8A2BF6333B00B5AE55 /* CryingDiaryUITests */ = {
			isa = PBXGroup;
			children = (
				D17BBF8B2BF6333B00B5AE55 /* CryingDiaryUITests.swift */,
				D17BBF8D2BF6333B00B5AE55 /* CryingDiaryUITestsLaunchTests.swift */,
			);
			path = CryingDiaryUITests;
			sourceTree = "<group>";
		};
		D1987D782C3A64030061D45F /* ThirdParty */ = {
			isa = PBXGroup;
			children = (
				D133989B2C71E740004A0FAE /* Kakao */,
				D1E350032C54EE7A00016666 /* Apple */,
				D1E3500C2C64E58D00016666 /* ThirdPartyLoginType.swift */,
				D172BE802C43BC3100CFA8B1 /* ThirdPartyLoginError.swift */,
			);
			path = ThirdParty;
			sourceTree = "<group>";
		};
		D1A300EB2C27F47000CCAF92 /* Authentication */ = {
			isa = PBXGroup;
			children = (
				D1987D782C3A64030061D45F /* ThirdParty */,
				D1803DCD2C67456100B16223 /* UserStore.swift */,
				D13398722C674E03004A0FAE /* AuthControllable.swift */,
				D13398702C674DEC004A0FAE /* FirebaseAuthController.swift */,
			);
			path = Authentication;
			sourceTree = "<group>";
		};
		D1E350032C54EE7A00016666 /* Apple */ = {
			isa = PBXGroup;
			children = (
				D1987D712C393D620061D45F /* AppleLoginHelper.swift */,
				D13398A02C79AE2B004A0FAE /* AppleLoginHelpable.swift */,
				D1E350012C54EC2B00016666 /* AppleLoginInfo.swift */,
			);
			path = Apple;
			sourceTree = "<group>";
		};
		D1E3500E2C65EE5B00016666 /* Views */ = {
			isa = PBXGroup;
			children = (
				D1E3500F2C65EE6C00016666 /* LoginView.swift */,
				D13398762C6756CD004A0FAE /* HomeView.swift */,
			);
			path = Views;
			sourceTree = "<group>";
		};
		D1E350112C65F60F00016666 /* Environment */ = {
			isa = PBXGroup;
			children = (
				D1E350122C65F63000016666 /* Key */,
				D1E350162C65F69900016666 /* EnvironmentValues+Extension.swift */,
				D13398992C71E602004A0FAE /* AppKeys.swift */,
			);
			path = Environment;
			sourceTree = "<group>";
		};
		D1E350122C65F63000016666 /* Key */ = {
			isa = PBXGroup;
			children = (
				D13398742C675471004A0FAE /* AuthControllerKey.swift */,
			);
			path = Key;
			sourceTree = "<group>";
		};
/* End PBXGroup section */

/* Begin PBXNativeTarget section */
		D17BBF6A2BF6333A00B5AE55 /* CryingDiary */ = {
			isa = PBXNativeTarget;
			buildConfigurationList = D17BBF912BF6333B00B5AE55 /* Build configuration list for PBXNativeTarget "CryingDiary" */;
			buildPhases = (
				D17BBF672BF6333A00B5AE55 /* Sources */,
				D17BBF682BF6333A00B5AE55 /* Frameworks */,
				D17BBF692BF6333A00B5AE55 /* Resources */,
			);
			buildRules = (
			);
			dependencies = (
			);
			name = CryingDiary;
			packageProductDependencies = (
				D17BBF9D2BF636A000B5AE55 /* FirebaseAnalyticsWithoutAdIdSupport */,
				D17BBF9F2BF6398600B5AE55 /* FirebaseAuth */,
				D13398782C67662C004A0FAE /* FirebaseFirestore */,
				D133987A2C67662C004A0FAE /* FirebaseFirestoreCombine-Community */,
				D133987C2C67662C004A0FAE /* FirebaseFirestoreSwift */,
				D133988B2C7097BB004A0FAE /* KakaoSDKAuth */,
				D133988D2C7097BB004A0FAE /* KakaoSDKCommon */,
				D133988F2C7097BB004A0FAE /* KakaoSDKUser */,
			);
			productName = CryingDiary;
			productReference = D17BBF6B2BF6333A00B5AE55 /* CryingDiary.app */;
			productType = "com.apple.product-type.application";
		};
		D17BBF7C2BF6333B00B5AE55 /* CryingDiaryTests */ = {
			isa = PBXNativeTarget;
			buildConfigurationList = D17BBF942BF6333B00B5AE55 /* Build configuration list for PBXNativeTarget "CryingDiaryTests" */;
			buildPhases = (
				D17BBF792BF6333B00B5AE55 /* Sources */,
				D17BBF7A2BF6333B00B5AE55 /* Frameworks */,
				D17BBF7B2BF6333B00B5AE55 /* Resources */,
			);
			buildRules = (
			);
			dependencies = (
				D17BBF7F2BF6333B00B5AE55 /* PBXTargetDependency */,
			);
			name = CryingDiaryTests;
			productName = CryingDiaryTests;
			productReference = D17BBF7D2BF6333B00B5AE55 /* CryingDiaryTests.xctest */;
			productType = "com.apple.product-type.bundle.unit-test";
		};
		D17BBF862BF6333B00B5AE55 /* CryingDiaryUITests */ = {
			isa = PBXNativeTarget;
			buildConfigurationList = D17BBF972BF6333B00B5AE55 /* Build configuration list for PBXNativeTarget "CryingDiaryUITests" */;
			buildPhases = (
				D17BBF832BF6333B00B5AE55 /* Sources */,
				D17BBF842BF6333B00B5AE55 /* Frameworks */,
				D17BBF852BF6333B00B5AE55 /* Resources */,
			);
			buildRules = (
			);
			dependencies = (
				D17BBF892BF6333B00B5AE55 /* PBXTargetDependency */,
			);
			name = CryingDiaryUITests;
			productName = CryingDiaryUITests;
			productReference = D17BBF872BF6333B00B5AE55 /* CryingDiaryUITests.xctest */;
			productType = "com.apple.product-type.bundle.ui-testing";
		};
/* End PBXNativeTarget section */

/* Begin PBXProject section */
		D17BBF632BF6333A00B5AE55 /* Project object */ = {
			isa = PBXProject;
			attributes = {
				BuildIndependentTargetsInParallel = 1;
				LastSwiftUpdateCheck = 1540;
				LastUpgradeCheck = 1600;
				TargetAttributes = {
					D17BBF6A2BF6333A00B5AE55 = {
						CreatedOnToolsVersion = 15.4;
					};
					D17BBF7C2BF6333B00B5AE55 = {
						CreatedOnToolsVersion = 15.4;
						TestTargetID = D17BBF6A2BF6333A00B5AE55;
					};
					D17BBF862BF6333B00B5AE55 = {
						CreatedOnToolsVersion = 15.4;
						TestTargetID = D17BBF6A2BF6333A00B5AE55;
					};
				};
			};
			buildConfigurationList = D17BBF662BF6333A00B5AE55 /* Build configuration list for PBXProject "CryingDiary" */;
			compatibilityVersion = "Xcode 14.0";
			developmentRegion = en;
			hasScannedForEncodings = 0;
			knownRegions = (
				en,
				Base,
			);
			mainGroup = D17BBF622BF6333A00B5AE55;
			packageReferences = (
				D17BBF9C2BF635DD00B5AE55 /* XCRemoteSwiftPackageReference "firebase-ios-sdk" */,
				D133988A2C7097BB004A0FAE /* XCRemoteSwiftPackageReference "kakao-ios-sdk" */,
			);
			productRefGroup = D17BBF6C2BF6333A00B5AE55 /* Products */;
			projectDirPath = "";
			projectRoot = "";
			targets = (
				D17BBF6A2BF6333A00B5AE55 /* CryingDiary */,
				D17BBF7C2BF6333B00B5AE55 /* CryingDiaryTests */,
				D17BBF862BF6333B00B5AE55 /* CryingDiaryUITests */,
			);
		};
/* End PBXProject section */

/* Begin PBXResourcesBuildPhase section */
		D17BBF692BF6333A00B5AE55 /* Resources */ = {
			isa = PBXResourcesBuildPhase;
			buildActionMask = 2147483647;
			files = (
				D17BBF782BF6333B00B5AE55 /* Preview Assets.xcassets in Resources */,
				D17BBF752BF6333B00B5AE55 /* Assets.xcassets in Resources */,
				D17BBF9B2BF634F100B5AE55 /* GoogleService-Info.plist in Resources */,
			);
			runOnlyForDeploymentPostprocessing = 0;
		};
		D17BBF7B2BF6333B00B5AE55 /* Resources */ = {
			isa = PBXResourcesBuildPhase;
			buildActionMask = 2147483647;
			files = (
			);
			runOnlyForDeploymentPostprocessing = 0;
		};
		D17BBF852BF6333B00B5AE55 /* Resources */ = {
			isa = PBXResourcesBuildPhase;
			buildActionMask = 2147483647;
			files = (
			);
			runOnlyForDeploymentPostprocessing = 0;
		};
/* End PBXResourcesBuildPhase section */

/* Begin PBXSourcesBuildPhase section */
		D17BBF672BF6333A00B5AE55 /* Sources */ = {
			isa = PBXSourcesBuildPhase;
			buildActionMask = 2147483647;
			files = (
				D1987D722C393D620061D45F /* AppleLoginHelper.swift in Sources */,
				D172BE7D2C4271C800CFA8B1 /* CryptoUtil.swift in Sources */,
				D1E350022C54EC2B00016666 /* AppleLoginInfo.swift in Sources */,
				D13398A12C79AE2B004A0FAE /* AppleLoginHelpable.swift in Sources */,
				D17BBFA22BF63BDE00B5AE55 /* AppDelegate.swift in Sources */,
				D13398A72C79CA44004A0FAE /* EmailLoginHelpable.swift in Sources */,
				D13398732C674E03004A0FAE /* AuthControllable.swift in Sources */,
				D13398842C689F91004A0FAE /* RepositoryError.swift in Sources */,
				D17BBF712BF6333A00B5AE55 /* ContentView.swift in Sources */,
				D13398A92C79CA56004A0FAE /* EmailLoginResult.swift in Sources */,
				D1803DCE2C67456100B16223 /* UserStore.swift in Sources */,
				D17BBF732BF6333A00B5AE55 /* Item.swift in Sources */,
				D13398872C689FE1004A0FAE /* User.swift in Sources */,
				D13398772C6756CD004A0FAE /* HomeView.swift in Sources */,
				D172BE7F2C43B80B00CFA8B1 /* Do+Defer.swift in Sources */,
				D1E350102C65EE6C00016666 /* LoginView.swift in Sources */,
				D17BBF6F2BF6333A00B5AE55 /* CryingDiaryApp.swift in Sources */,
				D13398752C675471004A0FAE /* AuthControllerKey.swift in Sources */,
				D13398802C676DCD004A0FAE /* FirestoreRepository.swift in Sources */,
				D133989D2C71E752004A0FAE /* KakaoLoginHelper.swift in Sources */,
				D1E3500D2C64E58D00016666 /* ThirdPartyLoginType.swift in Sources */,
				D172BE812C43BC3100CFA8B1 /* ThirdPartyLoginError.swift in Sources */,
				D13398712C674DEC004A0FAE /* FirebaseAuthController.swift in Sources */,
				D133989A2C71E602004A0FAE /* AppKeys.swift in Sources */,
				D13398822C676EF9004A0FAE /* UserRepository.swift in Sources */,
				D1E350172C65F69900016666 /* EnvironmentValues+Extension.swift in Sources */,
			);
			runOnlyForDeploymentPostprocessing = 0;
		};
		D17BBF792BF6333B00B5AE55 /* Sources */ = {
			isa = PBXSourcesBuildPhase;
			buildActionMask = 2147483647;
			files = (
				D17BBF822BF6333B00B5AE55 /* CryingDiaryTests.swift in Sources */,
			);
			runOnlyForDeploymentPostprocessing = 0;
		};
		D17BBF832BF6333B00B5AE55 /* Sources */ = {
			isa = PBXSourcesBuildPhase;
			buildActionMask = 2147483647;
			files = (
				D17BBF8E2BF6333B00B5AE55 /* CryingDiaryUITestsLaunchTests.swift in Sources */,
				D17BBF8C2BF6333B00B5AE55 /* CryingDiaryUITests.swift in Sources */,
			);
			runOnlyForDeploymentPostprocessing = 0;
		};
/* End PBXSourcesBuildPhase section */

/* Begin PBXTargetDependency section */
		D17BBF7F2BF6333B00B5AE55 /* PBXTargetDependency */ = {
			isa = PBXTargetDependency;
			target = D17BBF6A2BF6333A00B5AE55 /* CryingDiary */;
			targetProxy = D17BBF7E2BF6333B00B5AE55 /* PBXContainerItemProxy */;
		};
		D17BBF892BF6333B00B5AE55 /* PBXTargetDependency */ = {
			isa = PBXTargetDependency;
			target = D17BBF6A2BF6333A00B5AE55 /* CryingDiary */;
			targetProxy = D17BBF882BF6333B00B5AE55 /* PBXContainerItemProxy */;
		};
/* End PBXTargetDependency section */

/* Begin XCBuildConfiguration section */
		D17BBF8F2BF6333B00B5AE55 /* Debug */ = {
			isa = XCBuildConfiguration;
			buildSettings = {
				ALWAYS_SEARCH_USER_PATHS = NO;
				ASSETCATALOG_COMPILER_GENERATE_SWIFT_ASSET_SYMBOL_EXTENSIONS = YES;
				CLANG_ANALYZER_NONNULL = YES;
				CLANG_ANALYZER_NUMBER_OBJECT_CONVERSION = YES_AGGRESSIVE;
				CLANG_CXX_LANGUAGE_STANDARD = "gnu++20";
				CLANG_ENABLE_MODULES = YES;
				CLANG_ENABLE_OBJC_ARC = YES;
				CLANG_ENABLE_OBJC_WEAK = YES;
				CLANG_WARN_BLOCK_CAPTURE_AUTORELEASING = YES;
				CLANG_WARN_BOOL_CONVERSION = YES;
				CLANG_WARN_COMMA = YES;
				CLANG_WARN_CONSTANT_CONVERSION = YES;
				CLANG_WARN_DEPRECATED_OBJC_IMPLEMENTATIONS = YES;
				CLANG_WARN_DIRECT_OBJC_ISA_USAGE = YES_ERROR;
				CLANG_WARN_DOCUMENTATION_COMMENTS = YES;
				CLANG_WARN_EMPTY_BODY = YES;
				CLANG_WARN_ENUM_CONVERSION = YES;
				CLANG_WARN_INFINITE_RECURSION = YES;
				CLANG_WARN_INT_CONVERSION = YES;
				CLANG_WARN_NON_LITERAL_NULL_CONVERSION = YES;
				CLANG_WARN_OBJC_IMPLICIT_RETAIN_SELF = YES;
				CLANG_WARN_OBJC_LITERAL_CONVERSION = YES;
				CLANG_WARN_OBJC_ROOT_CLASS = YES_ERROR;
				CLANG_WARN_QUOTED_INCLUDE_IN_FRAMEWORK_HEADER = YES;
				CLANG_WARN_RANGE_LOOP_ANALYSIS = YES;
				CLANG_WARN_STRICT_PROTOTYPES = YES;
				CLANG_WARN_SUSPICIOUS_MOVE = YES;
				CLANG_WARN_UNGUARDED_AVAILABILITY = YES_AGGRESSIVE;
				CLANG_WARN_UNREACHABLE_CODE = YES;
				CLANG_WARN__DUPLICATE_METHOD_MATCH = YES;
				COPY_PHASE_STRIP = NO;
				DEBUG_INFORMATION_FORMAT = dwarf;
				ENABLE_STRICT_OBJC_MSGSEND = YES;
				ENABLE_TESTABILITY = YES;
				ENABLE_USER_SCRIPT_SANDBOXING = YES;
				GCC_C_LANGUAGE_STANDARD = gnu17;
				GCC_DYNAMIC_NO_PIC = NO;
				GCC_NO_COMMON_BLOCKS = YES;
				GCC_OPTIMIZATION_LEVEL = 0;
				GCC_PREPROCESSOR_DEFINITIONS = (
					"DEBUG=1",
					"$(inherited)",
				);
				GCC_WARN_64_TO_32_BIT_CONVERSION = YES;
				GCC_WARN_ABOUT_RETURN_TYPE = YES_ERROR;
				GCC_WARN_UNDECLARED_SELECTOR = YES;
				GCC_WARN_UNINITIALIZED_AUTOS = YES_AGGRESSIVE;
				GCC_WARN_UNUSED_FUNCTION = YES;
				GCC_WARN_UNUSED_VARIABLE = YES;
				IPHONEOS_DEPLOYMENT_TARGET = 17.5;
				LOCALIZATION_PREFERS_STRING_CATALOGS = YES;
				MTL_ENABLE_DEBUG_INFO = INCLUDE_SOURCE;
				MTL_FAST_MATH = YES;
				ONLY_ACTIVE_ARCH = YES;
				SDKROOT = iphoneos;
				SWIFT_ACTIVE_COMPILATION_CONDITIONS = "DEBUG $(inherited)";
				SWIFT_OPTIMIZATION_LEVEL = "-Onone";
				SWIFT_STRICT_CONCURRENCY = complete;
				SWIFT_VERSION = 6.0;
			};
			name = Debug;
		};
		D17BBF902BF6333B00B5AE55 /* Release */ = {
			isa = XCBuildConfiguration;
			buildSettings = {
				ALWAYS_SEARCH_USER_PATHS = NO;
				ASSETCATALOG_COMPILER_GENERATE_SWIFT_ASSET_SYMBOL_EXTENSIONS = YES;
				CLANG_ANALYZER_NONNULL = YES;
				CLANG_ANALYZER_NUMBER_OBJECT_CONVERSION = YES_AGGRESSIVE;
				CLANG_CXX_LANGUAGE_STANDARD = "gnu++20";
				CLANG_ENABLE_MODULES = YES;
				CLANG_ENABLE_OBJC_ARC = YES;
				CLANG_ENABLE_OBJC_WEAK = YES;
				CLANG_WARN_BLOCK_CAPTURE_AUTORELEASING = YES;
				CLANG_WARN_BOOL_CONVERSION = YES;
				CLANG_WARN_COMMA = YES;
				CLANG_WARN_CONSTANT_CONVERSION = YES;
				CLANG_WARN_DEPRECATED_OBJC_IMPLEMENTATIONS = YES;
				CLANG_WARN_DIRECT_OBJC_ISA_USAGE = YES_ERROR;
				CLANG_WARN_DOCUMENTATION_COMMENTS = YES;
				CLANG_WARN_EMPTY_BODY = YES;
				CLANG_WARN_ENUM_CONVERSION = YES;
				CLANG_WARN_INFINITE_RECURSION = YES;
				CLANG_WARN_INT_CONVERSION = YES;
				CLANG_WARN_NON_LITERAL_NULL_CONVERSION = YES;
				CLANG_WARN_OBJC_IMPLICIT_RETAIN_SELF = YES;
				CLANG_WARN_OBJC_LITERAL_CONVERSION = YES;
				CLANG_WARN_OBJC_ROOT_CLASS = YES_ERROR;
				CLANG_WARN_QUOTED_INCLUDE_IN_FRAMEWORK_HEADER = YES;
				CLANG_WARN_RANGE_LOOP_ANALYSIS = YES;
				CLANG_WARN_STRICT_PROTOTYPES = YES;
				CLANG_WARN_SUSPICIOUS_MOVE = YES;
				CLANG_WARN_UNGUARDED_AVAILABILITY = YES_AGGRESSIVE;
				CLANG_WARN_UNREACHABLE_CODE = YES;
				CLANG_WARN__DUPLICATE_METHOD_MATCH = YES;
				COPY_PHASE_STRIP = NO;
				DEBUG_INFORMATION_FORMAT = "dwarf-with-dsym";
				ENABLE_NS_ASSERTIONS = NO;
				ENABLE_STRICT_OBJC_MSGSEND = YES;
				ENABLE_USER_SCRIPT_SANDBOXING = YES;
				GCC_C_LANGUAGE_STANDARD = gnu17;
				GCC_NO_COMMON_BLOCKS = YES;
				GCC_WARN_64_TO_32_BIT_CONVERSION = YES;
				GCC_WARN_ABOUT_RETURN_TYPE = YES_ERROR;
				GCC_WARN_UNDECLARED_SELECTOR = YES;
				GCC_WARN_UNINITIALIZED_AUTOS = YES_AGGRESSIVE;
				GCC_WARN_UNUSED_FUNCTION = YES;
				GCC_WARN_UNUSED_VARIABLE = YES;
				IPHONEOS_DEPLOYMENT_TARGET = 17.5;
				LOCALIZATION_PREFERS_STRING_CATALOGS = YES;
				MTL_ENABLE_DEBUG_INFO = NO;
				MTL_FAST_MATH = YES;
				SDKROOT = iphoneos;
				SWIFT_COMPILATION_MODE = wholemodule;
				SWIFT_STRICT_CONCURRENCY = complete;
				SWIFT_VERSION = 6.0;
				VALIDATE_PRODUCT = YES;
			};
			name = Release;
		};
		D17BBF922BF6333B00B5AE55 /* Debug */ = {
			isa = XCBuildConfiguration;
			baseConfigurationReference = D133989F2C71EC7F004A0FAE /* Secret.xcconfig */;
			buildSettings = {
				ASSETCATALOG_COMPILER_APPICON_NAME = AppIcon;
				ASSETCATALOG_COMPILER_GLOBAL_ACCENT_COLOR_NAME = AccentColor;
				CODE_SIGN_ENTITLEMENTS = CryingDiary/CryingDiary.entitlements;
				CODE_SIGN_STYLE = Automatic;
				CURRENT_PROJECT_VERSION = 1;
				DEVELOPMENT_ASSET_PATHS = "\"CryingDiary/Preview Content\"";
				DEVELOPMENT_TEAM = MBJ2Q72Z5X;
				ENABLE_PREVIEWS = YES;
				GENERATE_INFOPLIST_FILE = YES;
				INFOPLIST_FILE = CryingDiary/Info.plist;
				INFOPLIST_KEY_UIApplicationSceneManifest_Generation = YES;
				INFOPLIST_KEY_UIApplicationSupportsIndirectInputEvents = YES;
				INFOPLIST_KEY_UILaunchScreen_Generation = YES;
				INFOPLIST_KEY_UISupportedInterfaceOrientations_iPad = "UIInterfaceOrientationPortrait UIInterfaceOrientationPortraitUpsideDown UIInterfaceOrientationLandscapeLeft UIInterfaceOrientationLandscapeRight";
				INFOPLIST_KEY_UISupportedInterfaceOrientations_iPhone = "UIInterfaceOrientationPortrait UIInterfaceOrientationLandscapeLeft UIInterfaceOrientationLandscapeRight";
				IPHONEOS_DEPLOYMENT_TARGET = 17.0;
				LD_RUNPATH_SEARCH_PATHS = (
					"$(inherited)",
					"@executable_path/Frameworks",
				);
				MARKETING_VERSION = 1.0;
				PRODUCT_BUNDLE_IDENTIFIER = gtw.CryingDiary;
				PRODUCT_NAME = "$(TARGET_NAME)";
				SWIFT_EMIT_LOC_STRINGS = YES;
				SWIFT_STRICT_CONCURRENCY = complete;
				SWIFT_VERSION = 6.0;
				TARGETED_DEVICE_FAMILY = "1,2";
			};
			name = Debug;
		};
		D17BBF932BF6333B00B5AE55 /* Release */ = {
			isa = XCBuildConfiguration;
			baseConfigurationReference = D133989F2C71EC7F004A0FAE /* Secret.xcconfig */;
			buildSettings = {
				ASSETCATALOG_COMPILER_APPICON_NAME = AppIcon;
				ASSETCATALOG_COMPILER_GLOBAL_ACCENT_COLOR_NAME = AccentColor;
				CODE_SIGN_ENTITLEMENTS = CryingDiary/CryingDiary.entitlements;
				CODE_SIGN_STYLE = Automatic;
				CURRENT_PROJECT_VERSION = 1;
				DEVELOPMENT_ASSET_PATHS = "\"CryingDiary/Preview Content\"";
				DEVELOPMENT_TEAM = MBJ2Q72Z5X;
				ENABLE_PREVIEWS = YES;
				GENERATE_INFOPLIST_FILE = YES;
				INFOPLIST_FILE = CryingDiary/Info.plist;
				INFOPLIST_KEY_UIApplicationSceneManifest_Generation = YES;
				INFOPLIST_KEY_UIApplicationSupportsIndirectInputEvents = YES;
				INFOPLIST_KEY_UILaunchScreen_Generation = YES;
				INFOPLIST_KEY_UISupportedInterfaceOrientations_iPad = "UIInterfaceOrientationPortrait UIInterfaceOrientationPortraitUpsideDown UIInterfaceOrientationLandscapeLeft UIInterfaceOrientationLandscapeRight";
				INFOPLIST_KEY_UISupportedInterfaceOrientations_iPhone = "UIInterfaceOrientationPortrait UIInterfaceOrientationLandscapeLeft UIInterfaceOrientationLandscapeRight";
				IPHONEOS_DEPLOYMENT_TARGET = 17.0;
				LD_RUNPATH_SEARCH_PATHS = (
					"$(inherited)",
					"@executable_path/Frameworks",
				);
				MARKETING_VERSION = 1.0;
				PRODUCT_BUNDLE_IDENTIFIER = gtw.CryingDiary;
				PRODUCT_NAME = "$(TARGET_NAME)";
				SWIFT_EMIT_LOC_STRINGS = YES;
				SWIFT_STRICT_CONCURRENCY = complete;
				SWIFT_VERSION = 6.0;
				TARGETED_DEVICE_FAMILY = "1,2";
			};
			name = Release;
		};
		D17BBF952BF6333B00B5AE55 /* Debug */ = {
			isa = XCBuildConfiguration;
			buildSettings = {
				BUNDLE_LOADER = "$(TEST_HOST)";
				CODE_SIGN_STYLE = Automatic;
				CURRENT_PROJECT_VERSION = 1;
				DEVELOPMENT_TEAM = MBJ2Q72Z5X;
				GENERATE_INFOPLIST_FILE = YES;
				IPHONEOS_DEPLOYMENT_TARGET = 17.5;
				MARKETING_VERSION = 1.0;
				PRODUCT_BUNDLE_IDENTIFIER = gtw.CryingDiaryTests;
				PRODUCT_NAME = "$(TARGET_NAME)";
				SWIFT_EMIT_LOC_STRINGS = NO;
				SWIFT_VERSION = 6.0;
				TARGETED_DEVICE_FAMILY = "1,2";
				TEST_HOST = "$(BUILT_PRODUCTS_DIR)/CryingDiary.app/$(BUNDLE_EXECUTABLE_FOLDER_PATH)/CryingDiary";
			};
			name = Debug;
		};
		D17BBF962BF6333B00B5AE55 /* Release */ = {
			isa = XCBuildConfiguration;
			buildSettings = {
				BUNDLE_LOADER = "$(TEST_HOST)";
				CODE_SIGN_STYLE = Automatic;
				CURRENT_PROJECT_VERSION = 1;
				DEVELOPMENT_TEAM = MBJ2Q72Z5X;
				GENERATE_INFOPLIST_FILE = YES;
				IPHONEOS_DEPLOYMENT_TARGET = 17.5;
				MARKETING_VERSION = 1.0;
				PRODUCT_BUNDLE_IDENTIFIER = gtw.CryingDiaryTests;
				PRODUCT_NAME = "$(TARGET_NAME)";
				SWIFT_EMIT_LOC_STRINGS = NO;
				SWIFT_VERSION = 6.0;
				TARGETED_DEVICE_FAMILY = "1,2";
				TEST_HOST = "$(BUILT_PRODUCTS_DIR)/CryingDiary.app/$(BUNDLE_EXECUTABLE_FOLDER_PATH)/CryingDiary";
			};
			name = Release;
		};
		D17BBF982BF6333B00B5AE55 /* Debug */ = {
			isa = XCBuildConfiguration;
			buildSettings = {
				CODE_SIGN_STYLE = Automatic;
				CURRENT_PROJECT_VERSION = 1;
				DEVELOPMENT_TEAM = MBJ2Q72Z5X;
				GENERATE_INFOPLIST_FILE = YES;
				MARKETING_VERSION = 1.0;
				PRODUCT_BUNDLE_IDENTIFIER = gtw.CryingDiaryUITests;
				PRODUCT_NAME = "$(TARGET_NAME)";
				SWIFT_EMIT_LOC_STRINGS = NO;
				SWIFT_VERSION = 5.0;
				TARGETED_DEVICE_FAMILY = "1,2";
				TEST_TARGET_NAME = CryingDiary;
			};
			name = Debug;
		};
		D17BBF992BF6333B00B5AE55 /* Release */ = {
			isa = XCBuildConfiguration;
			buildSettings = {
				CODE_SIGN_STYLE = Automatic;
				CURRENT_PROJECT_VERSION = 1;
				DEVELOPMENT_TEAM = MBJ2Q72Z5X;
				GENERATE_INFOPLIST_FILE = YES;
				MARKETING_VERSION = 1.0;
				PRODUCT_BUNDLE_IDENTIFIER = gtw.CryingDiaryUITests;
				PRODUCT_NAME = "$(TARGET_NAME)";
				SWIFT_EMIT_LOC_STRINGS = NO;
				SWIFT_VERSION = 5.0;
				TARGETED_DEVICE_FAMILY = "1,2";
				TEST_TARGET_NAME = CryingDiary;
			};
			name = Release;
		};
/* End XCBuildConfiguration section */

/* Begin XCConfigurationList section */
		D17BBF662BF6333A00B5AE55 /* Build configuration list for PBXProject "CryingDiary" */ = {
			isa = XCConfigurationList;
			buildConfigurations = (
				D17BBF8F2BF6333B00B5AE55 /* Debug */,
				D17BBF902BF6333B00B5AE55 /* Release */,
			);
			defaultConfigurationIsVisible = 0;
			defaultConfigurationName = Release;
		};
		D17BBF912BF6333B00B5AE55 /* Build configuration list for PBXNativeTarget "CryingDiary" */ = {
			isa = XCConfigurationList;
			buildConfigurations = (
				D17BBF922BF6333B00B5AE55 /* Debug */,
				D17BBF932BF6333B00B5AE55 /* Release */,
			);
			defaultConfigurationIsVisible = 0;
			defaultConfigurationName = Release;
		};
		D17BBF942BF6333B00B5AE55 /* Build configuration list for PBXNativeTarget "CryingDiaryTests" */ = {
			isa = XCConfigurationList;
			buildConfigurations = (
				D17BBF952BF6333B00B5AE55 /* Debug */,
				D17BBF962BF6333B00B5AE55 /* Release */,
			);
			defaultConfigurationIsVisible = 0;
			defaultConfigurationName = Release;
		};
		D17BBF972BF6333B00B5AE55 /* Build configuration list for PBXNativeTarget "CryingDiaryUITests" */ = {
			isa = XCConfigurationList;
			buildConfigurations = (
				D17BBF982BF6333B00B5AE55 /* Debug */,
				D17BBF992BF6333B00B5AE55 /* Release */,
			);
			defaultConfigurationIsVisible = 0;
			defaultConfigurationName = Release;
		};
/* End XCConfigurationList section */

/* Begin XCRemoteSwiftPackageReference section */
		D133988A2C7097BB004A0FAE /* XCRemoteSwiftPackageReference "kakao-ios-sdk" */ = {
			isa = XCRemoteSwiftPackageReference;
			repositoryURL = "https://github.com/kakao/kakao-ios-sdk";
			requirement = {
				kind = exactVersion;
				version = 2.22.5;
			};
		};
		D17BBF9C2BF635DD00B5AE55 /* XCRemoteSwiftPackageReference "firebase-ios-sdk" */ = {
			isa = XCRemoteSwiftPackageReference;
			repositoryURL = "https://github.com/firebase/firebase-ios-sdk";
			requirement = {
				kind = upToNextMajorVersion;
				minimumVersion = 10.26.0;
			};
		};
/* End XCRemoteSwiftPackageReference section */

/* Begin XCSwiftPackageProductDependency section */
		D13398782C67662C004A0FAE /* FirebaseFirestore */ = {
			isa = XCSwiftPackageProductDependency;
			package = D17BBF9C2BF635DD00B5AE55 /* XCRemoteSwiftPackageReference "firebase-ios-sdk" */;
			productName = FirebaseFirestore;
		};
		D133987A2C67662C004A0FAE /* FirebaseFirestoreCombine-Community */ = {
			isa = XCSwiftPackageProductDependency;
			package = D17BBF9C2BF635DD00B5AE55 /* XCRemoteSwiftPackageReference "firebase-ios-sdk" */;
			productName = "FirebaseFirestoreCombine-Community";
		};
		D133987C2C67662C004A0FAE /* FirebaseFirestoreSwift */ = {
			isa = XCSwiftPackageProductDependency;
			package = D17BBF9C2BF635DD00B5AE55 /* XCRemoteSwiftPackageReference "firebase-ios-sdk" */;
			productName = FirebaseFirestoreSwift;
		};
		D133988B2C7097BB004A0FAE /* KakaoSDKAuth */ = {
			isa = XCSwiftPackageProductDependency;
			package = D133988A2C7097BB004A0FAE /* XCRemoteSwiftPackageReference "kakao-ios-sdk" */;
			productName = KakaoSDKAuth;
		};
		D133988D2C7097BB004A0FAE /* KakaoSDKCommon */ = {
			isa = XCSwiftPackageProductDependency;
			package = D133988A2C7097BB004A0FAE /* XCRemoteSwiftPackageReference "kakao-ios-sdk" */;
			productName = KakaoSDKCommon;
		};
		D133988F2C7097BB004A0FAE /* KakaoSDKUser */ = {
			isa = XCSwiftPackageProductDependency;
			package = D133988A2C7097BB004A0FAE /* XCRemoteSwiftPackageReference "kakao-ios-sdk" */;
			productName = KakaoSDKUser;
		};
		D17BBF9D2BF636A000B5AE55 /* FirebaseAnalyticsWithoutAdIdSupport */ = {
			isa = XCSwiftPackageProductDependency;
			package = D17BBF9C2BF635DD00B5AE55 /* XCRemoteSwiftPackageReference "firebase-ios-sdk" */;
			productName = FirebaseAnalyticsWithoutAdIdSupport;
		};
		D17BBF9F2BF6398600B5AE55 /* FirebaseAuth */ = {
			isa = XCSwiftPackageProductDependency;
			package = D17BBF9C2BF635DD00B5AE55 /* XCRemoteSwiftPackageReference "firebase-ios-sdk" */;
			productName = FirebaseAuth;
		};
/* End XCSwiftPackageProductDependency section */
	};
	rootObject = D17BBF632BF6333A00B5AE55 /* Project object */;
}
