<?xml version="1.0" encoding="UTF-8"?>
<Scheme
   LastUpgradeVersion = "1010"
   version = "1.3">
   <BuildAction
      parallelizeBuildables = "YES"
      buildImplicitDependencies = "YES">
      <BuildActionEntries>
         <BuildActionEntry
            buildForTesting = "YES"
            buildForRunning = "YES"
            buildForProfiling = "YES"
            buildForArchiving = "YES"
            buildForAnalyzing = "YES">
            <BuildableReference
               BuildableIdentifier = "primary"
               BlueprintIdentifier = "2A717419231F3C0B8A3E0F06"
               BuildableName = "Alamofire.framework"
               BlueprintName = "Alamofire"
               ReferencedContainer = "container:Tuist/.build/tuist-derived/Alamofire/Alamofire.xcodeproj">
            </BuildableReference>
         </BuildActionEntry>
         <BuildActionEntry
            buildForTesting = "YES"
            buildForRunning = "YES"
            buildForProfiling = "YES"
            buildForArchiving = "YES"
            buildForAnalyzing = "YES">
            <BuildableReference
               BuildableIdentifier = "primary"
               BlueprintIdentifier = "87EA802785C2DA6B58134CC2"
               BuildableName = "Alamofire_Alamofire.bundle"
               BlueprintName = "Alamofire_Alamofire"
               ReferencedContainer = "container:Tuist/.build/tuist-derived/Alamofire/Alamofire.xcodeproj">
            </BuildableReference>
         </BuildActionEntry>
         <BuildActionEntry
            buildForTesting = "YES"
            buildForRunning = "YES"
            buildForProfiling = "YES"
            buildForArchiving = "YES"
            buildForAnalyzing = "YES">
            <BuildableReference
               BuildableIdentifier = "primary"
               BlueprintIdentifier = "6ECA25F7B06236EB1A745B3D"
               BuildableName = "CryingDiary.app"
               BlueprintName = "CryingDiary"
               ReferencedContainer = "container:CryingDiary.xcodeproj">
            </BuildableReference>
         </BuildActionEntry>
         <BuildActionEntry
            buildForTesting = "YES"
            buildForRunning = "YES"
            buildForProfiling = "YES"
            buildForArchiving = "YES"
            buildForAnalyzing = "YES">
            <BuildableReference
               BuildableIdentifier = "primary"
               BlueprintIdentifier = "B1C0BF53D0A4064CD8EEABC7"
               BuildableName = "CryingDiaryTests.xctest"
               BlueprintName = "CryingDiaryTests"
               ReferencedContainer = "container:CryingDiary.xcodeproj">
            </BuildableReference>
         </BuildActionEntry>
         <BuildActionEntry
            buildForTesting = "YES"
            buildForRunning = "YES"
            buildForProfiling = "YES"
            buildForArchiving = "YES"
            buildForAnalyzing = "YES">
            <BuildableReference
               BuildableIdentifier = "primary"
               BlueprintIdentifier = "141A87512EEB9E82909D15D1"
               BuildableName = "KakaoOpenSDK_KakaoSDKCommon.bundle"
               BlueprintName = "KakaoOpenSDK_KakaoSDKCommon"
               ReferencedContainer = "container:Tuist/.build/tuist-derived/KakaoOpenSDK/KakaoOpenSDK.xcodeproj">
            </BuildableReference>
         </BuildActionEntry>
         <BuildActionEntry
            buildForTesting = "YES"
            buildForRunning = "YES"
            buildForProfiling = "YES"
            buildForArchiving = "YES"
            buildForAnalyzing = "YES">
            <BuildableReference
               BuildableIdentifier = "primary"
               BlueprintIdentifier = "7C14AC27021FF442200B3853"
               BuildableName = "KakaoSDKAuth.framework"
               BlueprintName = "KakaoSDKAuth"
               ReferencedContainer = "container:Tuist/.build/tuist-derived/KakaoOpenSDK/KakaoOpenSDK.xcodeproj">
            </BuildableReference>
         </BuildActionEntry>
         <BuildActionEntry
            buildForTesting = "YES"
            buildForRunning = "YES"
            buildForProfiling = "YES"
            buildForArchiving = "YES"
            buildForAnalyzing = "YES">
            <BuildableReference
               BuildableIdentifier = "primary"
               BlueprintIdentifier = "7A4B81795AB7B3A41AFC92E4"
               BuildableName = "KakaoSDKCert.framework"
               BlueprintName = "KakaoSDKCert"
               ReferencedContainer = "container:Tuist/.build/tuist-derived/KakaoOpenSDK/KakaoOpenSDK.xcodeproj">
            </BuildableReference>
         </BuildActionEntry>
         <BuildActionEntry
            buildForTesting = "YES"
            buildForRunning = "YES"
            buildForProfiling = "YES"
            buildForArchiving = "YES"
            buildForAnalyzing = "YES">
            <BuildableReference
               BuildableIdentifier = "primary"
               BlueprintIdentifier = "98459E8BC6B6914855F2F2D5"
               BuildableName = "KakaoSDKCommon.framework"
               BlueprintName = "KakaoSDKCommon"
               ReferencedContainer = "container:Tuist/.build/tuist-derived/KakaoOpenSDK/KakaoOpenSDK.xcodeproj">
            </BuildableReference>
         </BuildActionEntry>
         <BuildActionEntry
            buildForTesting = "YES"
            buildForRunning = "YES"
            buildForProfiling = "YES"
            buildForArchiving = "YES"
            buildForAnalyzing = "YES">
            <BuildableReference
               BuildableIdentifier = "primary"
               BlueprintIdentifier = "58065A78153B638972A1D612"
               BuildableName = "KakaoSDKFriend.framework"
               BlueprintName = "KakaoSDKFriend"
               ReferencedContainer = "container:Tuist/.build/tuist-derived/KakaoOpenSDK/KakaoOpenSDK.xcodeproj">
            </BuildableReference>
         </BuildActionEntry>
         <BuildActionEntry
            buildForTesting = "YES"
            buildForRunning = "YES"
            buildForProfiling = "YES"
            buildForArchiving = "YES"
            buildForAnalyzing = "YES">
            <BuildableReference
               BuildableIdentifier = "primary"
               BlueprintIdentifier = "33262881DAEF794C076C75C1"
               BuildableName = "KakaoSDKNavi.framework"
               BlueprintName = "KakaoSDKNavi"
               ReferencedContainer = "container:Tuist/.build/tuist-derived/KakaoOpenSDK/KakaoOpenSDK.xcodeproj">
            </BuildableReference>
         </BuildActionEntry>
         <BuildActionEntry
            buildForTesting = "YES"
            buildForRunning = "YES"
            buildForProfiling = "YES"
            buildForArchiving = "YES"
            buildForAnalyzing = "YES">
            <BuildableReference
               BuildableIdentifier = "primary"
               BlueprintIdentifier = "D776DD6F4486A2D71BA8A04E"
               BuildableName = "KakaoSDKShare.framework"
               BlueprintName = "KakaoSDKShare"
               ReferencedContainer = "container:Tuist/.build/tuist-derived/KakaoOpenSDK/KakaoOpenSDK.xcodeproj">
            </BuildableReference>
         </BuildActionEntry>
         <BuildActionEntry
            buildForTesting = "YES"
            buildForRunning = "YES"
            buildForProfiling = "YES"
            buildForArchiving = "YES"
            buildForAnalyzing = "YES">
            <BuildableReference
               BuildableIdentifier = "primary"
               BlueprintIdentifier = "F0E80157B63AC92DEC668E6E"
               BuildableName = "KakaoSDKTalk.framework"
               BlueprintName = "KakaoSDKTalk"
               ReferencedContainer = "container:Tuist/.build/tuist-derived/KakaoOpenSDK/KakaoOpenSDK.xcodeproj">
            </BuildableReference>
         </BuildActionEntry>
         <BuildActionEntry
            buildForTesting = "YES"
            buildForRunning = "YES"
            buildForProfiling = "YES"
            buildForArchiving = "YES"
            buildForAnalyzing = "YES">
            <BuildableReference
               BuildableIdentifier = "primary"
               BlueprintIdentifier = "9992115F8933D8BC3172BA5A"
               BuildableName = "KakaoSDKTemplate.framework"
               BlueprintName = "KakaoSDKTemplate"
               ReferencedContainer = "container:Tuist/.build/tuist-derived/KakaoOpenSDK/KakaoOpenSDK.xcodeproj">
            </BuildableReference>
         </BuildActionEntry>
         <BuildActionEntry
            buildForTesting = "YES"
            buildForRunning = "YES"
            buildForProfiling = "YES"
            buildForArchiving = "YES"
            buildForAnalyzing = "YES">
            <BuildableReference
               BuildableIdentifier = "primary"
               BlueprintIdentifier = "29DF1CDF286567DB176A09D0"
               BuildableName = "KakaoSDKUser.framework"
               BlueprintName = "KakaoSDKUser"
               ReferencedContainer = "container:Tuist/.build/tuist-derived/KakaoOpenSDK/KakaoOpenSDK.xcodeproj">
            </BuildableReference>
         </BuildActionEntry>
         <BuildActionEntry
            buildForTesting = "YES"
            buildForRunning = "YES"
            buildForProfiling = "YES"
            buildForArchiving = "YES"
            buildForAnalyzing = "YES">
            <BuildableReference
               BuildableIdentifier = "primary"
               BlueprintIdentifier = "C1F53E36B9C5F31A54B013DC"
               BuildableName = "Network.framework"
               BlueprintName = "Network"
               ReferencedContainer = "container:CryingDiary.xcodeproj">
            </BuildableReference>
         </BuildActionEntry>
         <BuildActionEntry
            buildForTesting = "YES"
            buildForRunning = "YES"
            buildForProfiling = "YES"
            buildForArchiving = "YES"
            buildForAnalyzing = "YES">
            <BuildableReference
               BuildableIdentifier = "primary"
               BlueprintIdentifier = "20CDD7F440D284602200DF43"
               BuildableName = "NetworkTests.xctest"
               BlueprintName = "NetworkTests"
               ReferencedContainer = "container:CryingDiary.xcodeproj">
            </BuildableReference>
         </BuildActionEntry>
         <BuildActionEntry
            buildForTesting = "YES"
            buildForRunning = "YES"
            buildForProfiling = "YES"
            buildForArchiving = "YES"
            buildForAnalyzing = "YES">
            <BuildableReference
               BuildableIdentifier = "primary"
               BlueprintIdentifier = "A98159FA9D5054BD92651C91"
               BuildableName = "ThirdPartyAuth.framework"
               BlueprintName = "ThirdPartyAuth"
               ReferencedContainer = "container:CryingDiary.xcodeproj">
            </BuildableReference>
         </BuildActionEntry>
         <BuildActionEntry
            buildForTesting = "YES"
            buildForRunning = "YES"
            buildForProfiling = "YES"
            buildForArchiving = "YES"
            buildForAnalyzing = "YES">
            <BuildableReference
               BuildableIdentifier = "primary"
               BlueprintIdentifier = "BC3654B0931AA3D751CA8C69"
               BuildableName = "ThirdPartyAuthTests.xctest"
               BlueprintName = "ThirdPartyAuthTests"
               ReferencedContainer = "container:CryingDiary.xcodeproj">
            </BuildableReference>
         </BuildActionEntry>
      </BuildActionEntries>
   </BuildAction>
   <TestAction
      buildConfiguration = "DEBUG"
      selectedDebuggerIdentifier = "Xcode.DebuggerFoundation.Debugger.LLDB"
      selectedLauncherIdentifier = "Xcode.DebuggerFoundation.Launcher.LLDB"
      shouldUseLaunchSchemeArgsEnv = "YES">
      <Testables>
         <TestableReference
            skipped = "NO">
            <BuildableReference
               BuildableIdentifier = "primary"
               BlueprintIdentifier = "B1C0BF53D0A4064CD8EEABC7"
               BuildableName = "CryingDiaryTests.xctest"
               BlueprintName = "CryingDiaryTests"
               ReferencedContainer = "container:CryingDiary.xcodeproj">
            </BuildableReference>
         </TestableReference>
         <TestableReference
            skipped = "NO">
            <BuildableReference
               BuildableIdentifier = "primary"
               BlueprintIdentifier = "20CDD7F440D284602200DF43"
               BuildableName = "NetworkTests.xctest"
               BlueprintName = "NetworkTests"
               ReferencedContainer = "container:CryingDiary.xcodeproj">
            </BuildableReference>
         </TestableReference>
         <TestableReference
            skipped = "NO">
            <BuildableReference
               BuildableIdentifier = "primary"
               BlueprintIdentifier = "BC3654B0931AA3D751CA8C69"
               BuildableName = "ThirdPartyAuthTests.xctest"
               BlueprintName = "ThirdPartyAuthTests"
               ReferencedContainer = "container:CryingDiary.xcodeproj">
            </BuildableReference>
         </TestableReference>
      </Testables>
   </TestAction>
   <LaunchAction
      buildConfiguration = "DEBUG"
      selectedDebuggerIdentifier = "Xcode.DebuggerFoundation.Debugger.LLDB"
      selectedLauncherIdentifier = "Xcode.DebuggerFoundation.Launcher.LLDB"
      launchStyle = "0"
      useCustomWorkingDirectory = "NO"
      ignoresPersistentStateOnLaunch = "NO"
      debugDocumentVersioning = "YES"
      debugServiceExtension = "internal"
      allowLocationSimulation = "YES">
      <MacroExpansion>
         <BuildableReference
            BuildableIdentifier = "primary"
            BlueprintIdentifier = "2A717419231F3C0B8A3E0F06"
            BuildableName = "Alamofire.framework"
            BlueprintName = "Alamofire"
            ReferencedContainer = "container:Tuist/.build/tuist-derived/Alamofire/Alamofire.xcodeproj">
         </BuildableReference>
      </MacroExpansion>
   </LaunchAction>
   <ProfileAction
      buildConfiguration = "RELEASE"
      shouldUseLaunchSchemeArgsEnv = "YES"
      savedToolIdentifier = ""
      useCustomWorkingDirectory = "NO"
      debugDocumentVersioning = "YES">
      <MacroExpansion>
         <BuildableReference
            BuildableIdentifier = "primary"
            BlueprintIdentifier = "2A717419231F3C0B8A3E0F06"
            BuildableName = "Alamofire.framework"
            BlueprintName = "Alamofire"
            ReferencedContainer = "container:Tuist/.build/tuist-derived/Alamofire/Alamofire.xcodeproj">
         </BuildableReference>
      </MacroExpansion>
   </ProfileAction>
   <AnalyzeAction
      buildConfiguration = "DEBUG">
   </AnalyzeAction>
   <ArchiveAction
      buildConfiguration = "RELEASE"
      revealArchiveInOrganizer = "YES">
   </ArchiveAction>
</Scheme>
